
Microsoft Visual Studio Solution File, Format Version 12.00
# Visual Studio Version 17
VisualStudioVersion = 17.7.34202.233
MinimumVisualStudioVersion = 10.0.40219.1
Project("{FAE04EC0-301F-11D3-BF4B-00C04F79EFBC}") = "Lab-9", "Lab-9\Lab-9.csproj", "{A685BC0D-B225-4C33-AD9F-16CC9D6D50B0}"
EndProject
Global
	GlobalSection(SolutionConfigurationPlatforms) = preSolution
		Debug|Any CPU = Debug|Any CPU
		Release|Any CPU = Release|Any CPU
	EndGlobalSection
	GlobalSection(ProjectConfigurationPlatforms) = postSolution
		{A685BC0D-B225-4C33-AD9F-16CC9D6D50B0}.Debug|Any CPU.ActiveCfg = Debug|Any CPU
		{A685BC0D-B225-4C33-AD9F-16CC9D6D50B0}.Debug|Any CPU.Build.0 = Debug|Any CPU
		{A685BC0D-B225-4C33-AD9F-16CC9D6D50B0}.Release|Any CPU.ActiveCfg = Release|Any CPU
		{A685BC0D-B225-4C33-AD9F-16CC9D6D50B0}.Release|Any CPU.Build.0 = Release|Any CPU
	EndGlobalSection
	GlobalSection(SolutionProperties) = preSolution
		HideSolutionNode = FALSE
	EndGlobalSection
	GlobalSection(ExtensibilityGlobals) = postSolution
		SolutionGuid = {C08F6425-D8E0-4154-AC70-D32C6E39493F}
	EndGlobalSection
EndGlobal
